// !$*UTF8*$!
{
	archiveVersion = 1;
	classes = {
	};
	objectVersion = 46;
	objects = {

/* Begin PBXBuildFile section */
		4588CB8D1D844760009951BE /* AppDelegate.swift in Sources */ = {isa = PBXBuildFile; fileRef = 4588CB8C1D844760009951BE /* AppDelegate.swift */; };
		4588CB8F1D844760009951BE /* ViewController.swift in Sources */ = {isa = PBXBuildFile; fileRef = 4588CB8E1D844760009951BE /* ViewController.swift */; };
		4588CB921D844760009951BE /* Main.storyboard in Resources */ = {isa = PBXBuildFile; fileRef = 4588CB901D844760009951BE /* Main.storyboard */; };
		4588CB941D844760009951BE /* Images.xcassets in Resources */ = {isa = PBXBuildFile; fileRef = 4588CB931D844760009951BE /* Images.xcassets */; };
		4588CB971D844760009951BE /* LaunchScreen.xib in Resources */ = {isa = PBXBuildFile; fileRef = 4588CB951D844760009951BE /* LaunchScreen.xib */; };
		4588CBA31D844760009951BE /* MyCalcTests.swift in Sources */ = {isa = PBXBuildFile; fileRef = 4588CBA21D844760009951BE /* MyCalcTests.swift */; };
		4588CBAD1D84D5B6009951BE /* PercentViewController.swift in Sources */ = {isa = PBXBuildFile; fileRef = 4588CBAC1D84D5B6009951BE /* PercentViewController.swift */; };
		4588CBAF1D84EAD7009951BE /* ResultViewController.swift in Sources */ = {isa = PBXBuildFile; fileRef = 4588CBAE1D84EAD7009951BE /* ResultViewController.swift */; };
/* End PBXBuildFile section */

/* Begin PBXContainerItemProxy section */
		4588CB9D1D844760009951BE /* PBXContainerItemProxy */ = {
			isa = PBXContainerItemProxy;
			containerPortal = 4588CB7F1D844760009951BE /* Project object */;
			proxyType = 1;
			remoteGlobalIDString = 4588CB861D844760009951BE;
			remoteInfo = MyCalc;
		};
/* End PBXContainerItemProxy section */

/* Begin PBXFileReference section */
		4588CB871D844760009951BE /* MyCalc.app */ = {isa = PBXFileReference; explicitFileType = wrapper.application; includeInIndex = 0; path = MyCalc.app; sourceTree = BUILT_PRODUCTS_DIR; };
		4588CB8B1D844760009951BE /* Info.plist */ = {isa = PBXFileReference; lastKnownFileType = text.plist.xml; path = Info.plist; sourceTree = "<group>"; };
		4588CB8C1D844760009951BE /* AppDelegate.swift */ = {isa = PBXFileReference; lastKnownFileType = sourcecode.swift; path = AppDelegate.swift; sourceTree = "<group>"; };
		4588CB8E1D844760009951BE /* ViewController.swift */ = {isa = PBXFileReference; lastKnownFileType = sourcecode.swift; path = ViewController.swift; sourceTree = "<group>"; };
		4588CB911D844760009951BE /* Base */ = {isa = PBXFileReference; lastKnownFileType = file.storyboard; name = Base; path = Base.lproj/Main.storyboard; sourceTree = "<group>"; };
		4588CB931D844760009951BE /* Images.xcassets */ = {isa = PBXFileReference; lastKnownFileType = folder.assetcatalog; path = Images.xcassets; sourceTree = "<group>"; };
		4588CB961D844760009951BE /* Base */ = {isa = PBXFileReference; lastKnownFileType = file.xib; name = Base; path = Base.lproj/LaunchScreen.xib; sourceTree = "<group>"; };
		4588CB9C1D844760009951BE /* MyCalcTests.xctest */ = {isa = PBXFileReference; explicitFileType = wrapper.cfbundle; includeInIndex = 0; path = MyCalcTests.xctest; sourceTree = BUILT_PRODUCTS_DIR; };
		4588CBA11D844760009951BE /* Info.plist */ = {isa = PBXFileReference; lastKnownFileType = text.plist.xml; path = Info.plist; sourceTree = "<group>"; };
		4588CBA21D844760009951BE /* MyCalcTests.swift */ = {isa = PBXFileReference; lastKnownFileType = sourcecode.swift; path = MyCalcTests.swift; sourceTree = "<group>"; };
		4588CBAC1D84D5B6009951BE /* PercentViewController.swift */ = {isa = PBXFileReference; fileEncoding = 4; lastKnownFileType = sourcecode.swift; path = PercentViewController.swift; sourceTree = "<group>"; };
		4588CBAE1D84EAD7009951BE /* ResultViewController.swift */ = {isa = PBXFileReference; fileEncoding = 4; lastKnownFileType = sourcecode.swift; path = ResultViewController.swift; sourceTree = "<group>"; };
/* End PBXFileReference section */

/* Begin PBXFrameworksBuildPhase section */
		4588CB841D844760009951BE /* Frameworks */ = {
			isa = PBXFrameworksBuildPhase;
			buildActionMask = 2147483647;
			files = (
			);
			runOnlyForDeploymentPostprocessing = 0;
		};
		4588CB991D844760009951BE /* Frameworks */ = {
			isa = PBXFrameworksBuildPhase;
			buildActionMask = 2147483647;
			files = (
			);
			runOnlyForDeploymentPostprocessing = 0;
		};
/* End PBXFrameworksBuildPhase section */

/* Begin PBXGroup section */
		4588CB7E1D844760009951BE = {
			isa = PBXGroup;
			children = (
				4588CB891D844760009951BE /* MyCalc */,
				4588CB9F1D844760009951BE /* MyCalcTests */,
				4588CB881D844760009951BE /* Products */,
			);
			sourceTree = "<group>";
		};
		4588CB881D844760009951BE /* Products */ = {
			isa = PBXGroup;
			children = (
				4588CB871D844760009951BE /* MyCalc.app */,
				4588CB9C1D844760009951BE /* MyCalcTests.xctest */,
			);
			name = Products;
			sourceTree = "<group>";
		};
		4588CB891D844760009951BE /* MyCalc */ = {
			isa = PBXGroup;
			children = (
				4588CB8C1D844760009951BE /* AppDelegate.swift */,
				4588CB8E1D844760009951BE /* ViewController.swift */,
				4588CBAC1D84D5B6009951BE /* PercentViewController.swift */,
				4588CBAE1D84EAD7009951BE /* ResultViewController.swift */,
				4588CB901D844760009951BE /* Main.storyboard */,
				4588CB931D844760009951BE /* Images.xcassets */,
				4588CB951D844760009951BE /* LaunchScreen.xib */,
				4588CB8A1D844760009951BE /* Supporting Files */,
			);
			path = MyCalc;
			sourceTree = "<group>";
		};
		4588CB8A1D844760009951BE /* Supporting Files */ = {
			isa = PBXGroup;
			children = (
				4588CB8B1D844760009951BE /* Info.plist */,
			);
			name = "Supporting Files";
			sourceTree = "<group>";
		};
		4588CB9F1D844760009951BE /* MyCalcTests */ = {
			isa = PBXGroup;
			children = (
				4588CBA21D844760009951BE /* MyCalcTests.swift */,
				4588CBA01D844760009951BE /* Supporting Files */,
			);
			path = MyCalcTests;
			sourceTree = "<group>";
		};
		4588CBA01D844760009951BE /* Supporting Files */ = {
			isa = PBXGroup;
			children = (
				4588CBA11D844760009951BE /* Info.plist */,
			);
			name = "Supporting Files";
			sourceTree = "<group>";
		};
/* End PBXGroup section */

/* Begin PBXNativeTarget section */
		4588CB861D844760009951BE /* MyCalc */ = {
			isa = PBXNativeTarget;
			buildConfigurationList = 4588CBA61D844760009951BE /* Build configuration list for PBXNativeTarget "MyCalc" */;
			buildPhases = (
				4588CB831D844760009951BE /* Sources */,
				4588CB841D844760009951BE /* Frameworks */,
				4588CB851D844760009951BE /* Resources */,
			);
			buildRules = (
			);
			dependencies = (
			);
			name = MyCalc;
			productName = MyCalc;
			productReference = 4588CB871D844760009951BE /* MyCalc.app */;
			productType = "com.apple.product-type.application";
		};
		4588CB9B1D844760009951BE /* MyCalcTests */ = {
			isa = PBXNativeTarget;
			buildConfigurationList = 4588CBA91D844760009951BE /* Build configuration list for PBXNativeTarget "MyCalcTests" */;
			buildPhases = (
				4588CB981D844760009951BE /* Sources */,
				4588CB991D844760009951BE /* Frameworks */,
				4588CB9A1D844760009951BE /* Resources */,
			);
			buildRules = (
			);
			dependencies = (
				4588CB9E1D844760009951BE /* PBXTargetDependency */,
			);
			name = MyCalcTests;
			productName = MyCalcTests;
			productReference = 4588CB9C1D844760009951BE /* MyCalcTests.xctest */;
			productType = "com.apple.product-type.bundle.unit-test";
		};
/* End PBXNativeTarget section */

/* Begin PBXProject section */
		4588CB7F1D844760009951BE /* Project object */ = {
			isa = PBXProject;
			attributes = {
				LastUpgradeCheck = 0620;
				ORGANIZATIONNAME = "hands-rec";
				TargetAttributes = {
					4588CB861D844760009951BE = {
						CreatedOnToolsVersion = 6.2;
					};
					4588CB9B1D844760009951BE = {
						CreatedOnToolsVersion = 6.2;
						TestTargetID = 4588CB861D844760009951BE;
					};
				};
			};
			buildConfigurationList = 4588CB821D844760009951BE /* Build configuration list for PBXProject "MyCalc" */;
			compatibilityVersion = "Xcode 3.2";
			developmentRegion = English;
			hasScannedForEncodings = 0;
			knownRegions = (
				en,
				Base,
			);
			mainGroup = 4588CB7E1D844760009951BE;
			productRefGroup = 4588CB881D844760009951BE /* Products */;
			projectDirPath = "";
			projectRoot = "";
			targets = (
				4588CB861D844760009951BE /* MyCalc */,
				4588CB9B1D844760009951BE /* MyCalcTests */,
			);
		};
/* End PBXProject section */

/* Begin PBXResourcesBuildPhase section */
		4588CB851D844760009951BE /* Resources */ = {
			isa = PBXResourcesBuildPhase;
			buildActionMask = 2147483647;
			files = (
				4588CB921D844760009951BE /* Main.storyboard in Resources */,
				4588CB971D844760009951BE /* LaunchScreen.xib in Resources */,
				4588CB941D844760009951BE /* Images.xcassets in Resources */,
			);
			runOnlyForDeploymentPostprocessing = 0;
		};
		4588CB9A1D844760009951BE /* Resources */ = {
			isa = PBXResourcesBuildPhase;
			buildActionMask = 2147483647;
			files = (
			);
			runOnlyForDeploymentPostprocessing = 0;
		};
/* End PBXResourcesBuildPhase section */

/* Begin PBXSourcesBuildPhase section */
		4588CB831D844760009951BE /* Sources */ = {
			isa = PBXSourcesBuildPhase;
			buildActionMask = 2147483647;
			files = (
				4588CB8F1D844760009951BE /* ViewController.swift in Sources */,
				4588CB8D1D844760009951BE /* AppDelegate.swift in Sources */,
				4588CBAD1D84D5B6009951BE /* PercentViewController.swift in Sources */,
				4588CBAF1D84EAD7009951BE /* ResultViewController.swift in Sources */,
			);
			runOnlyForDeploymentPostprocessing = 0;
		};
		4588CB981D844760009951BE /* Sources */ = {
			isa = PBXSourcesBuildPhase;
			buildActionMask = 2147483647;
			files = (
				4588CBA31D844760009951BE /* MyCalcTests.swift in Sources */,
			);
			runOnlyForDeploymentPostprocessing = 0;
		};
/* End PBXSourcesBuildPhase section */

/* Begin PBXTargetDependency section */
		4588CB9E1D844760009951BE /* PBXTargetDependency */ = {
			isa = PBXTargetDependency;
			target = 4588CB861D844760009951BE /* MyCalc */;
			targetProxy = 4588CB9D1D844760009951BE /* PBXContainerItemProxy */;
		};
/* End PBXTargetDependency section */

/* Begin PBXVariantGroup section */
		4588CB901D844760009951BE /* Main.storyboard */ = {
			isa = PBXVariantGroup;
			children = (
				4588CB911D844760009951BE /* Base */,
			);
			name = Main.storyboard;
			sourceTree = "<group>";
		};
		4588CB951D844760009951BE /* LaunchScreen.xib */ = {
			isa = PBXVariantGroup;
			children = (
				4588CB961D844760009951BE /* Base */,
			);
			name = LaunchScreen.xib;
			sourceTree = "<group>";
		};
/* End PBXVariantGroup section */

/* Begin XCBuildConfiguration section */
		4588CBA41D844760009951BE /* Debug */ = {
			isa = XCBuildConfiguration;
			buildSettings = {
				ALWAYS_SEARCH_USER_PATHS = NO;
				CLANG_CXX_LANGUAGE_STANDARD = "gnu++0x";
				CLANG_CXX_LIBRARY = "libc++";
				CLANG_ENABLE_MODULES = YES;
				CLANG_ENABLE_OBJC_ARC = YES;
				CLANG_WARN_BOOL_CONVERSION = YES;
				CLANG_WARN_CONSTANT_CONVERSION = YES;
				CLANG_WARN_DIRECT_OBJC_ISA_USAGE = YES_ERROR;
				CLANG_WARN_EMPTY_BODY = YES;
				CLANG_WARN_ENUM_CONVERSION = YES;
				CLANG_WARN_INT_CONVERSION = YES;
				CLANG_WARN_OBJC_ROOT_CLASS = YES_ERROR;
				CLANG_WARN_UNREACHABLE_CODE = YES;
				CLANG_WARN__DUPLICATE_METHOD_MATCH = YES;
				"CODE_SIGN_IDENTITY[sdk=iphoneos*]" = "iPhone Developer";
				COPY_PHASE_STRIP = NO;
				ENABLE_STRICT_OBJC_MSGSEND = YES;
				GCC_C_LANGUAGE_STANDARD = gnu99;
				GCC_DYNAMIC_NO_PIC = NO;
				GCC_OPTIMIZATION_LEVEL = 0;
				GCC_PREPROCESSOR_DEFINITIONS = (
					"DEBUG=1",
					"$(inherited)",
				);
				GCC_SYMBOLS_PRIVATE_EXTERN = NO;
				GCC_WARN_64_TO_32_BIT_CONVERSION = YES;
				GCC_WARN_ABOUT_RETURN_TYPE = YES_ERROR;
				GCC_WARN_UNDECLARED_SELECTOR = YES;
				GCC_WARN_UNINITIALIZED_AUTOS = YES_AGGRESSIVE;
				GCC_WARN_UNUSED_FUNCTION = YES;
				GCC_WARN_UNUSED_VARIABLE = YES;
				IPHONEOS_DEPLOYMENT_TARGET = 8.2;
				MTL_ENABLE_DEBUG_INFO = YES;
				ONLY_ACTIVE_ARCH = YES;
				SDKROOT = iphoneos;
				SWIFT_OPTIMIZATION_LEVEL = "-Onone";
				TARGETED_DEVICE_FAMILY = "1,2";
			};
			name = Debug;
		};
		4588CBA51D844760009951BE /* Release */ = {
			isa = XCBuildConfiguration;
			buildSettings = {
				ALWAYS_SEARCH_USER_PATHS = NO;
				CLANG_CXX_LANGUAGE_STANDARD = "gnu++0x";
				CLANG_CXX_LIBRARY = "libc++";
				CLANG_ENABLE_MODULES = YES;
				CLANG_ENABLE_OBJC_ARC = YES;
				CLANG_WARN_BOOL_CONVERSION = YES;
				CLANG_WARN_CONSTANT_CONVERSION = YES;
				CLANG_WARN_DIRECT_OBJC_ISA_USAGE = YES_ERROR;
				CLANG_WARN_EMPTY_BODY = YES;
				CLANG_WARN_ENUM_CONVERSION = YES;
				CLANG_WARN_INT_CONVERSION = YES;
				CLANG_WARN_OBJC_ROOT_CLASS = YES_ERROR;
				CLANG_WARN_UNREACHABLE_CODE = YES;
				CLANG_WARN__DUPLICATE_METHOD_MATCH = YES;
				"CODE_SIGN_IDENTITY[sdk=iphoneos*]" = "iPhone Developer";
				COPY_PHASE_STRIP = NO;
				ENABLE_NS_ASSERTIONS = NO;
				ENABLE_STRICT_OBJC_MSGSEND = YES;
				GCC_C_LANGUAGE_STANDARD = gnu99;
				GCC_WARN_64_TO_32_BIT_CONVERSION = YES;
				GCC_WARN_ABOUT_RETURN_TYPE = YES_ERROR;
				GCC_WARN_UNDECLARED_SELECTOR = YES;
				GCC_WARN_UNINITIALIZED_AUTOS = YES_AGGRESSIVE;
				GCC_WARN_UNUSED_FUNCTION = YES;
				GCC_WARN_UNUSED_VARIABLE = YES;
				IPHONEOS_DEPLOYMENT_TARGET = 8.2;
				MTL_ENABLE_DEBUG_INFO = NO;
				SDKROOT = iphoneos;
				TARGETED_DEVICE_FAMILY = "1,2";
				VALIDATE_PRODUCT = YES;
			};
			name = Release;
		};
		4588CBA71D844760009951BE /* Debug */ = {
			isa = XCBuildConfiguration;
			buildSettings = {
				ASSETCATALOG_COMPILER_APPICON_NAME = AppIcon;
				INFOPLIST_FILE = MyCalc/Info.plist;
				LD_RUNPATH_SEARCH_PATHS = "$(inherited) @executable_path/Frameworks";
				PRODUCT_NAME = "$(TARGET_NAME)";
			};
			name = Debug;
		};
		4588CBA81D844760009951BE /* Release */ = {
			isa = XCBuildConfiguration;
			buildSettings = {
				ASSETCATALOG_COMPILER_APPICON_NAME = AppIcon;
				INFOPLIST_FILE = MyCalc/Info.plist;
				LD_RUNPATH_SEARCH_PATHS = "$(inherited) @executable_path/Frameworks";
				PRODUCT_NAME = "$(TARGET_NAME)";
			};
			name = Release;
		};
		4588CBAA1D844760009951BE /* Debug */ = {
			isa = XCBuildConfiguration;
			buildSettings = {
				BUNDLE_LOADER = "$(TEST_HOST)";
				FRAMEWORK_SEARCH_PATHS = (
					"$(SDKROOT)/Developer/Library/Frameworks",
					"$(inherited)",
				);
				GCC_PREPROCESSOR_DEFINITIONS = (
					"DEBUG=1",
					"$(inherited)",
				);
				INFOPLIST_FILE = MyCalcTests/Info.plist;
				LD_RUNPATH_SEARCH_PATHS = "$(inherited) @executable_path/Frameworks @loader_path/Frameworks";
				PRODUCT_NAME = "$(TARGET_NAME)";
				TEST_HOST = "$(BUILT_PRODUCTS_DIR)/MyCalc.app/MyCalc";
			};
			name = Debug;
		};
		4588CBAB1D844760009951BE /* Release */ = {
			isa = XCBuildConfiguration;
			buildSettings = {
				BUNDLE_LOADER = "$(TEST_HOST)";
				FRAMEWORK_SEARCH_PATHS = (
					"$(SDKROOT)/Developer/Library/Frameworks",
					"$(inherited)",
				);
				INFOPLIST_FILE = MyCalcTests/Info.plist;
				LD_RUNPATH_SEARCH_PATHS = "$(inherited) @executable_path/Frameworks @loader_path/Frameworks";
				PRODUCT_NAME = "$(TARGET_NAME)";
				TEST_HOST = "$(BUILT_PRODUCTS_DIR)/MyCalc.app/MyCalc";
			};
			name = Release;
		};
/* End XCBuildConfiguration section */

/* Begin XCConfigurationList section */
		4588CB821D844760009951BE /* Build configuration list for PBXProject "MyCalc" */ = {
			isa = XCConfigurationList;
			buildConfigurations = (
				4588CBA41D844760009951BE /* Debug */,
				4588CBA51D844760009951BE /* Release */,
			);
			defaultConfigurationIsVisible = 0;
			defaultConfigurationName = Release;
		};
		4588CBA61D844760009951BE /* Build configuration list for PBXNativeTarget "MyCalc" */ = {
			isa = XCConfigurationList;
			buildConfigurations = (
				4588CBA71D844760009951BE /* Debug */,
				4588CBA81D844760009951BE /* Release */,
			);
			defaultConfigurationIsVisible = 0;
		};
		4588CBA91D844760009951BE /* Build configuration list for PBXNativeTarget "MyCalcTests" */ = {
			isa = XCConfigurationList;
			buildConfigurations = (
				4588CBAA1D844760009951BE /* Debug */,
				4588CBAB1D844760009951BE /* Release */,
			);
			defaultConfigurationIsVisible = 0;
		};
/* End XCConfigurationList section */
	};
	rootObject = 4588CB7F1D844760009951BE /* Project object */;
}
